
Microsoft Visual Studio Solution File, Format Version 12.00
# Visual Studio Version 16
VisualStudioVersion = 16.0.30406.217
MinimumVisualStudioVersion = 10.0.40219.1
Project("{9A19103F-16F7-4668-BE54-9A1E7A4F7556}") = "HotelReservations", "HotelReservations.csproj", "{CC996D4F-B0A0-4CE4-B496-4FA3A7111532}"
EndProject
Project("{FAE04EC0-301F-11D3-BF4B-00C04F79EFBC}") = "HotelReservationsTests", "..\HotelReservationsTests\HotelReservationsTests.csproj", "{4F20E8EE-1C68-4259-9635-5B986F5B72BF}"
EndProject
Global
	GlobalSection(SolutionConfigurationPlatforms) = preSolution
		Debug|Any CPU = Debug|Any CPU
		Release|Any CPU = Release|Any CPU
	EndGlobalSection
	GlobalSection(ProjectConfigurationPlatforms) = postSolution
		{CC996D4F-B0A0-4CE4-B496-4FA3A7111532}.Debug|Any CPU.ActiveCfg = Debug|Any CPU
		{CC996D4F-B0A0-4CE4-B496-4FA3A7111532}.Debug|Any CPU.Build.0 = Debug|Any CPU
		{CC996D4F-B0A0-4CE4-B496-4FA3A7111532}.Release|Any CPU.ActiveCfg = Release|Any CPU
		{CC996D4F-B0A0-4CE4-B496-4FA3A7111532}.Release|Any CPU.Build.0 = Release|Any CPU
		{4F20E8EE-1C68-4259-9635-5B986F5B72BF}.Debug|Any CPU.ActiveCfg = Debug|Any CPU
		{4F20E8EE-1C68-4259-9635-5B986F5B72BF}.Debug|Any CPU.Build.0 = Debug|Any CPU
		{4F20E8EE-1C68-4259-9635-5B986F5B72BF}.Release|Any CPU.ActiveCfg = Release|Any CPU
		{4F20E8EE-1C68-4259-9635-5B986F5B72BF}.Release|Any CPU.Build.0 = Release|Any CPU
	EndGlobalSection
	GlobalSection(SolutionProperties) = preSolution
		HideSolutionNode = FALSE
	EndGlobalSection
	GlobalSection(ExtensibilityGlobals) = postSolution
		SolutionGuid = {29B90408-6B12-4AF4-B308-BC7947FF8343}
	EndGlobalSection
EndGlobal
